<?xml version="1.0" encoding="utf-8"?>
<Project ToolsVersion="4.0" xmlns="http://schemas.microsoft.com/developer/msbuild/2003">
  <ItemGroup>
    <ClCompile Include="Server2Client.pb.cc" />
    <ClCompile Include="stdafx.cpp" />
    <ClCompile Include="Client2Server.pb.cc" />
  </ItemGroup>
  <ItemGroup>
    <ClInclude Include="ISend.h" />
    <ClInclude Include="PBPtlS2C.h" />
    <ClInclude Include="Server2Client.pb.h" />
    <ClInclude Include="TPBMsgReceiver.h" />
    <ClInclude Include="TPBMsgSender.h" />
    <ClInclude Include="BaseType.h" />
    <ClInclude Include="stdafx.h" />
    <ClInclude Include="Client2Server.pb.h" />
    <ClInclude Include="PBPtlC2S.h" />
    <ClInclude Include="GenCodeMacroDef.h" />
  </ItemGroup>
  <ItemGroup>
    <None Include="Server2Client.proto" />
    <None Include="TPBMsgReceiver.inl" />
    <None Include="TPBMsgSender.inl" />
    <None Include="Client2Server.proto" />
    <None Include="proto.rules" />
  </ItemGroup>
</Project>